
Microsoft Visual Studio Solution File, Format Version 12.00
# Visual Studio Version 17
VisualStudioVersion = 17.14.36518.9
MinimumVisualStudioVersion = 10.0.40219.1
Project("{FAE04EC0-301F-11D3-BF4B-00C04F79EFBC}") = "C#.4", "C#.4\C#.4.csproj", "{15BD98F1-6EDA-43AA-80A4-5C9AF1DE4D52}"
EndProject
Project("{FAE04EC0-301F-11D3-BF4B-00C04F79EFBC}") = "C#.5", "C#.5\C#.5.csproj", "{D07FAFFC-15CA-42AB-A9EE-C75BB9BD0429}"
EndProject
Project("{FAE04EC0-301F-11D3-BF4B-00C04F79EFBC}") = "C#.6", "C#.6\C#.6.csproj", "{588AE0BD-47A3-454A-A909-BCC700D683E3}"
EndProject
Project("{FAE04EC0-301F-11D3-BF4B-00C04F79EFBC}") = "C#.7", "C#.7\C#.7.csproj", "{02014CEE-3E0E-400F-B8B6-27F0091E6042}"
EndProject
Project("{FAE04EC0-301F-11D3-BF4B-00C04F79EFBC}") = "C#.8", "C#.8\C#.8.csproj", "{47AF994A-C142-4158-872E-A3669EB929C0}"
EndProject
Project("{FAE04EC0-301F-11D3-BF4B-00C04F79EFBC}") = "C#.9", "C#.9\C#.9.csproj", "{3F64F6B1-C9D2-483E-B767-924E898EF322}"
EndProject
Project("{FAE04EC0-301F-11D3-BF4B-00C04F79EFBC}") = "C#.10", "C#.10\C#.10.csproj", "{494C7EB7-C47D-498A-9729-CA5033FFFD1F}"
EndProject
Project("{FAE04EC0-301F-11D3-BF4B-00C04F79EFBC}") = "C#.11", "C#.11\C#.11.csproj", "{C3A43378-7190-4137-8F3D-26CCAB837EBF}"
EndProject
Project("{FAE04EC0-301F-11D3-BF4B-00C04F79EFBC}") = "C#.12", "C#.12\C#.12.csproj", "{BCFFDFE5-02C2-4A3D-95CA-224219115409}"
EndProject
Project("{FAE04EC0-301F-11D3-BF4B-00C04F79EFBC}") = "C#.13", "C#.13\C#.13.csproj", "{92B33222-6CD9-4B6F-9BE2-34D735D4D94D}"
EndProject
Project("{FAE04EC0-301F-11D3-BF4B-00C04F79EFBC}") = "C#.3", "C#.3\C#.3.csproj", "{5FFD584A-D194-43CD-84D8-0D701982A98C}"
EndProject
Project("{FAE04EC0-301F-11D3-BF4B-00C04F79EFBC}") = "C#.2", "C#.2\C#.2.csproj", "{E7A8140A-5B5F-4BDD-AC62-3FAC3817AC4A}"
EndProject
Project("{FAE04EC0-301F-11D3-BF4B-00C04F79EFBC}") = "C#.1", "C#.1\C#.1.csproj", "{51EB7028-2FC9-4F54-BBCE-7F74D7D4A674}"
EndProject
Project("{FAE04EC0-301F-11D3-BF4B-00C04F79EFBC}") = "C#.14", "C#.14\C#.14.csproj", "{EAB3CD7D-4E16-4845-9FD4-FAF2F9588075}"
EndProject
Project("{FAE04EC0-301F-11D3-BF4B-00C04F79EFBC}") = "C#.15", "C#.15\C#.15.csproj", "{7F724A66-BD91-4350-9688-26E2541A518D}"
EndProject
Global
	GlobalSection(SolutionConfigurationPlatforms) = preSolution
		Debug|Any CPU = Debug|Any CPU
		Release|Any CPU = Release|Any CPU
	EndGlobalSection
	GlobalSection(ProjectConfigurationPlatforms) = postSolution
		{15BD98F1-6EDA-43AA-80A4-5C9AF1DE4D52}.Debug|Any CPU.ActiveCfg = Debug|Any CPU
		{15BD98F1-6EDA-43AA-80A4-5C9AF1DE4D52}.Debug|Any CPU.Build.0 = Debug|Any CPU
		{15BD98F1-6EDA-43AA-80A4-5C9AF1DE4D52}.Release|Any CPU.ActiveCfg = Release|Any CPU
		{15BD98F1-6EDA-43AA-80A4-5C9AF1DE4D52}.Release|Any CPU.Build.0 = Release|Any CPU
		{D07FAFFC-15CA-42AB-A9EE-C75BB9BD0429}.Debug|Any CPU.ActiveCfg = Debug|Any CPU
		{D07FAFFC-15CA-42AB-A9EE-C75BB9BD0429}.Debug|Any CPU.Build.0 = Debug|Any CPU
		{D07FAFFC-15CA-42AB-A9EE-C75BB9BD0429}.Release|Any CPU.ActiveCfg = Release|Any CPU
		{D07FAFFC-15CA-42AB-A9EE-C75BB9BD0429}.Release|Any CPU.Build.0 = Release|Any CPU
		{588AE0BD-47A3-454A-A909-BCC700D683E3}.Debug|Any CPU.ActiveCfg = Debug|Any CPU
		{588AE0BD-47A3-454A-A909-BCC700D683E3}.Debug|Any CPU.Build.0 = Debug|Any CPU
		{588AE0BD-47A3-454A-A909-BCC700D683E3}.Release|Any CPU.ActiveCfg = Release|Any CPU
		{588AE0BD-47A3-454A-A909-BCC700D683E3}.Release|Any CPU.Build.0 = Release|Any CPU
		{02014CEE-3E0E-400F-B8B6-27F0091E6042}.Debug|Any CPU.ActiveCfg = Debug|Any CPU
		{02014CEE-3E0E-400F-B8B6-27F0091E6042}.Debug|Any CPU.Build.0 = Debug|Any CPU
		{02014CEE-3E0E-400F-B8B6-27F0091E6042}.Release|Any CPU.ActiveCfg = Release|Any CPU
		{02014CEE-3E0E-400F-B8B6-27F0091E6042}.Release|Any CPU.Build.0 = Release|Any CPU
		{47AF994A-C142-4158-872E-A3669EB929C0}.Debug|Any CPU.ActiveCfg = Debug|Any CPU
		{47AF994A-C142-4158-872E-A3669EB929C0}.Debug|Any CPU.Build.0 = Debug|Any CPU
		{47AF994A-C142-4158-872E-A3669EB929C0}.Release|Any CPU.ActiveCfg = Release|Any CPU
		{47AF994A-C142-4158-872E-A3669EB929C0}.Release|Any CPU.Build.0 = Release|Any CPU
		{3F64F6B1-C9D2-483E-B767-924E898EF322}.Debug|Any CPU.ActiveCfg = Debug|Any CPU
		{3F64F6B1-C9D2-483E-B767-924E898EF322}.Debug|Any CPU.Build.0 = Debug|Any CPU
		{3F64F6B1-C9D2-483E-B767-924E898EF322}.Release|Any CPU.ActiveCfg = Release|Any CPU
		{3F64F6B1-C9D2-483E-B767-924E898EF322}.Release|Any CPU.Build.0 = Release|Any CPU
		{494C7EB7-C47D-498A-9729-CA5033FFFD1F}.Debug|Any CPU.ActiveCfg = Debug|Any CPU
		{494C7EB7-C47D-498A-9729-CA5033FFFD1F}.Debug|Any CPU.Build.0 = Debug|Any CPU
		{494C7EB7-C47D-498A-9729-CA5033FFFD1F}.Release|Any CPU.ActiveCfg = Release|Any CPU
		{494C7EB7-C47D-498A-9729-CA5033FFFD1F}.Release|Any CPU.Build.0 = Release|Any CPU
		{C3A43378-7190-4137-8F3D-26CCAB837EBF}.Debug|Any CPU.ActiveCfg = Debug|Any CPU
		{C3A43378-7190-4137-8F3D-26CCAB837EBF}.Debug|Any CPU.Build.0 = Debug|Any CPU
		{C3A43378-7190-4137-8F3D-26CCAB837EBF}.Release|Any CPU.ActiveCfg = Release|Any CPU
		{C3A43378-7190-4137-8F3D-26CCAB837EBF}.Release|Any CPU.Build.0 = Release|Any CPU
		{BCFFDFE5-02C2-4A3D-95CA-224219115409}.Debug|Any CPU.ActiveCfg = Debug|Any CPU
		{BCFFDFE5-02C2-4A3D-95CA-224219115409}.Debug|Any CPU.Build.0 = Debug|Any CPU
		{BCFFDFE5-02C2-4A3D-95CA-224219115409}.Release|Any CPU.ActiveCfg = Release|Any CPU
		{BCFFDFE5-02C2-4A3D-95CA-224219115409}.Release|Any CPU.Build.0 = Release|Any CPU
		{92B33222-6CD9-4B6F-9BE2-34D735D4D94D}.Debug|Any CPU.ActiveCfg = Debug|Any CPU
		{92B33222-6CD9-4B6F-9BE2-34D735D4D94D}.Debug|Any CPU.Build.0 = Debug|Any CPU
		{92B33222-6CD9-4B6F-9BE2-34D735D4D94D}.Release|Any CPU.ActiveCfg = Release|Any CPU
		{92B33222-6CD9-4B6F-9BE2-34D735D4D94D}.Release|Any CPU.Build.0 = Release|Any CPU
		{5FFD584A-D194-43CD-84D8-0D701982A98C}.Debug|Any CPU.ActiveCfg = Debug|Any CPU
		{5FFD584A-D194-43CD-84D8-0D701982A98C}.Debug|Any CPU.Build.0 = Debug|Any CPU
		{5FFD584A-D194-43CD-84D8-0D701982A98C}.Release|Any CPU.ActiveCfg = Release|Any CPU
		{5FFD584A-D194-43CD-84D8-0D701982A98C}.Release|Any CPU.Build.0 = Release|Any CPU
		{E7A8140A-5B5F-4BDD-AC62-3FAC3817AC4A}.Debug|Any CPU.ActiveCfg = Debug|Any CPU
		{E7A8140A-5B5F-4BDD-AC62-3FAC3817AC4A}.Debug|Any CPU.Build.0 = Debug|Any CPU
		{E7A8140A-5B5F-4BDD-AC62-3FAC3817AC4A}.Release|Any CPU.ActiveCfg = Release|Any CPU
		{E7A8140A-5B5F-4BDD-AC62-3FAC3817AC4A}.Release|Any CPU.Build.0 = Release|Any CPU
		{51EB7028-2FC9-4F54-BBCE-7F74D7D4A674}.Debug|Any CPU.ActiveCfg = Debug|Any CPU
		{51EB7028-2FC9-4F54-BBCE-7F74D7D4A674}.Debug|Any CPU.Build.0 = Debug|Any CPU
		{51EB7028-2FC9-4F54-BBCE-7F74D7D4A674}.Release|Any CPU.ActiveCfg = Release|Any CPU
		{51EB7028-2FC9-4F54-BBCE-7F74D7D4A674}.Release|Any CPU.Build.0 = Release|Any CPU
		{EAB3CD7D-4E16-4845-9FD4-FAF2F9588075}.Debug|Any CPU.ActiveCfg = Debug|Any CPU
		{EAB3CD7D-4E16-4845-9FD4-FAF2F9588075}.Debug|Any CPU.Build.0 = Debug|Any CPU
		{EAB3CD7D-4E16-4845-9FD4-FAF2F9588075}.Release|Any CPU.ActiveCfg = Release|Any CPU
		{EAB3CD7D-4E16-4845-9FD4-FAF2F9588075}.Release|Any CPU.Build.0 = Release|Any CPU
		{7F724A66-BD91-4350-9688-26E2541A518D}.Debug|Any CPU.ActiveCfg = Debug|Any CPU
		{7F724A66-BD91-4350-9688-26E2541A518D}.Debug|Any CPU.Build.0 = Debug|Any CPU
		{7F724A66-BD91-4350-9688-26E2541A518D}.Release|Any CPU.ActiveCfg = Release|Any CPU
		{7F724A66-BD91-4350-9688-26E2541A518D}.Release|Any CPU.Build.0 = Release|Any CPU
	EndGlobalSection
	GlobalSection(SolutionProperties) = preSolution
		HideSolutionNode = FALSE
	EndGlobalSection
	GlobalSection(ExtensibilityGlobals) = postSolution
		SolutionGuid = {2386767B-24E0-4079-A3C9-CEFD4536EA61}
	EndGlobalSection
EndGlobal
